// !$*UTF8*$!
{
	archiveVersion = 1;
	classes = {
	};
	objectVersion = 50;
	objects = {

/* Begin PBXBuildFile section */
		E32CB66D25FDD248007B964B /* WorldTimeViewController.swift in Sources */ = {isa = PBXBuildFile; fileRef = E32CB66C25FDD248007B964B /* WorldTimeViewController.swift */; };
		E32CB67025FDEB5B007B964B /* WorldTimeTableViewCell.swift in Sources */ = {isa = PBXBuildFile; fileRef = E32CB66F25FDEB5B007B964B /* WorldTimeTableViewCell.swift */; };
		E32CB67725FDF236007B964B /* AddWorldTimeViewController.swift in Sources */ = {isa = PBXBuildFile; fileRef = E32CB67625FDF236007B964B /* AddWorldTimeViewController.swift */; };
		E32CB67A25FDF30A007B964B /* AddWorldTimeTableViewCell.swift in Sources */ = {isa = PBXBuildFile; fileRef = E32CB67925FDF30A007B964B /* AddWorldTimeTableViewCell.swift */; };
		E3F97E3225EE640300AB01BF /* AppDelegate.swift in Sources */ = {isa = PBXBuildFile; fileRef = E3F97E3125EE640300AB01BF /* AppDelegate.swift */; };
		E3F97E3425EE640300AB01BF /* SceneDelegate.swift in Sources */ = {isa = PBXBuildFile; fileRef = E3F97E3325EE640300AB01BF /* SceneDelegate.swift */; };
		E3F97E3625EE640300AB01BF /* ViewController.swift in Sources */ = {isa = PBXBuildFile; fileRef = E3F97E3525EE640300AB01BF /* ViewController.swift */; };
		E3F97E3925EE640300AB01BF /* Main.storyboard in Resources */ = {isa = PBXBuildFile; fileRef = E3F97E3725EE640300AB01BF /* Main.storyboard */; };
		E3F97E3C25EE640300AB01BF /* StopWatch.xcdatamodeld in Sources */ = {isa = PBXBuildFile; fileRef = E3F97E3A25EE640300AB01BF /* StopWatch.xcdatamodeld */; };
		E3F97E3E25EE640300AB01BF /* Assets.xcassets in Resources */ = {isa = PBXBuildFile; fileRef = E3F97E3D25EE640300AB01BF /* Assets.xcassets */; };
		E3F97E4125EE640300AB01BF /* LaunchScreen.storyboard in Resources */ = {isa = PBXBuildFile; fileRef = E3F97E3F25EE640300AB01BF /* LaunchScreen.storyboard */; };
		E3F97E4C25EF702800AB01BF /* Stopwatch.swift in Sources */ = {isa = PBXBuildFile; fileRef = E3F97E4B25EF702800AB01BF /* Stopwatch.swift */; };
		E3F97E6425EF795D00AB01BF /* LapTableViewCell.swift in Sources */ = {isa = PBXBuildFile; fileRef = E3F97E6325EF795D00AB01BF /* LapTableViewCell.swift */; };
/* End PBXBuildFile section */

/* Begin PBXFileReference section */
		E32CB66C25FDD248007B964B /* WorldTimeViewController.swift */ = {isa = PBXFileReference; lastKnownFileType = sourcecode.swift; path = WorldTimeViewController.swift; sourceTree = "<group>"; };
		E32CB66F25FDEB5B007B964B /* WorldTimeTableViewCell.swift */ = {isa = PBXFileReference; lastKnownFileType = sourcecode.swift; path = WorldTimeTableViewCell.swift; sourceTree = "<group>"; };
		E32CB67625FDF236007B964B /* AddWorldTimeViewController.swift */ = {isa = PBXFileReference; lastKnownFileType = sourcecode.swift; path = AddWorldTimeViewController.swift; sourceTree = "<group>"; };
		E32CB67925FDF30A007B964B /* AddWorldTimeTableViewCell.swift */ = {isa = PBXFileReference; lastKnownFileType = sourcecode.swift; path = AddWorldTimeTableViewCell.swift; sourceTree = "<group>"; };
		E3F97E2E25EE640300AB01BF /* StopWatch.app */ = {isa = PBXFileReference; explicitFileType = wrapper.application; includeInIndex = 0; path = StopWatch.app; sourceTree = BUILT_PRODUCTS_DIR; };
		E3F97E3125EE640300AB01BF /* AppDelegate.swift */ = {isa = PBXFileReference; lastKnownFileType = sourcecode.swift; path = AppDelegate.swift; sourceTree = "<group>"; };
		E3F97E3325EE640300AB01BF /* SceneDelegate.swift */ = {isa = PBXFileReference; lastKnownFileType = sourcecode.swift; path = SceneDelegate.swift; sourceTree = "<group>"; };
		E3F97E3525EE640300AB01BF /* ViewController.swift */ = {isa = PBXFileReference; lastKnownFileType = sourcecode.swift; path = ViewController.swift; sourceTree = "<group>"; };
		E3F97E3825EE640300AB01BF /* Base */ = {isa = PBXFileReference; lastKnownFileType = file.storyboard; name = Base; path = Base.lproj/Main.storyboard; sourceTree = "<group>"; };
		E3F97E3B25EE640300AB01BF /* StopWatch.xcdatamodel */ = {isa = PBXFileReference; lastKnownFileType = wrapper.xcdatamodel; path = StopWatch.xcdatamodel; sourceTree = "<group>"; };
		E3F97E3D25EE640300AB01BF /* Assets.xcassets */ = {isa = PBXFileReference; lastKnownFileType = folder.assetcatalog; path = Assets.xcassets; sourceTree = "<group>"; };
		E3F97E4025EE640300AB01BF /* Base */ = {isa = PBXFileReference; lastKnownFileType = file.storyboard; name = Base; path = Base.lproj/LaunchScreen.storyboard; sourceTree = "<group>"; };
		E3F97E4225EE640300AB01BF /* Info.plist */ = {isa = PBXFileReference; lastKnownFileType = text.plist.xml; path = Info.plist; sourceTree = "<group>"; };
		E3F97E4B25EF702800AB01BF /* Stopwatch.swift */ = {isa = PBXFileReference; lastKnownFileType = sourcecode.swift; path = Stopwatch.swift; sourceTree = "<group>"; };
		E3F97E6325EF795D00AB01BF /* LapTableViewCell.swift */ = {isa = PBXFileReference; lastKnownFileType = sourcecode.swift; path = LapTableViewCell.swift; sourceTree = "<group>"; };
/* End PBXFileReference section */

/* Begin PBXFrameworksBuildPhase section */
		E3F97E2B25EE640300AB01BF /* Frameworks */ = {
			isa = PBXFrameworksBuildPhase;
			buildActionMask = 2147483647;
			files = (
			);
			runOnlyForDeploymentPostprocessing = 0;
		};
/* End PBXFrameworksBuildPhase section */

/* Begin PBXGroup section */
		E3F97E2525EE640300AB01BF = {
			isa = PBXGroup;
			children = (
				E3F97E3025EE640300AB01BF /* StopWatch */,
				E3F97E2F25EE640300AB01BF /* Products */,
			);
			sourceTree = "<group>";
		};
		E3F97E2F25EE640300AB01BF /* Products */ = {
			isa = PBXGroup;
			children = (
				E3F97E2E25EE640300AB01BF /* StopWatch.app */,
			);
			name = Products;
			sourceTree = "<group>";
		};
		E3F97E3025EE640300AB01BF /* StopWatch */ = {
			isa = PBXGroup;
			children = (
				E3F97E5125EF751300AB01BF /* Supporting Files */,
				E3F97E5025EF750600AB01BF /* Model */,
				E3F97E6225EF795100AB01BF /* View */,
				E3F97E5525EF757500AB01BF /* View Controller */,
				E3F97E3725EE640300AB01BF /* Main.storyboard */,
			);
			path = StopWatch;
			sourceTree = "<group>";
		};
		E3F97E5025EF750600AB01BF /* Model */ = {
			isa = PBXGroup;
			children = (
				E3F97E4B25EF702800AB01BF /* Stopwatch.swift */,
			);
			name = Model;
			sourceTree = "<group>";
		};
		E3F97E5125EF751300AB01BF /* Supporting Files */ = {
			isa = PBXGroup;
			children = (
				E3F97E3D25EE640300AB01BF /* Assets.xcassets */,
				E3F97E3F25EE640300AB01BF /* LaunchScreen.storyboard */,
				E3F97E3125EE640300AB01BF /* AppDelegate.swift */,
				E3F97E3325EE640300AB01BF /* SceneDelegate.swift */,
				E3F97E4225EE640300AB01BF /* Info.plist */,
				E3F97E3A25EE640300AB01BF /* StopWatch.xcdatamodeld */,
			);
			name = "Supporting Files";
			sourceTree = "<group>";
		};
		E3F97E5525EF757500AB01BF /* View Controller */ = {
			isa = PBXGroup;
			children = (
				E3F97E3525EE640300AB01BF /* ViewController.swift */,
				E32CB67625FDF236007B964B /* AddWorldTimeViewController.swift */,
				E32CB66C25FDD248007B964B /* WorldTimeViewController.swift */,
			);
			name = "View Controller";
			sourceTree = "<group>";
		};
		E3F97E6225EF795100AB01BF /* View */ = {
			isa = PBXGroup;
			children = (
				E3F97E6325EF795D00AB01BF /* LapTableViewCell.swift */,
				E32CB66F25FDEB5B007B964B /* WorldTimeTableViewCell.swift */,
				E32CB67925FDF30A007B964B /* AddWorldTimeTableViewCell.swift */,
			);
			name = View;
			sourceTree = "<group>";
		};
/* End PBXGroup section */

/* Begin PBXNativeTarget section */
		E3F97E2D25EE640300AB01BF /* StopWatch */ = {
			isa = PBXNativeTarget;
			buildConfigurationList = E3F97E4525EE640300AB01BF /* Build configuration list for PBXNativeTarget "StopWatch" */;
			buildPhases = (
				E3F97E2A25EE640300AB01BF /* Sources */,
				E3F97E2B25EE640300AB01BF /* Frameworks */,
				E3F97E2C25EE640300AB01BF /* Resources */,
			);
			buildRules = (
			);
			dependencies = (
			);
			name = StopWatch;
			productName = StopWatch;
			productReference = E3F97E2E25EE640300AB01BF /* StopWatch.app */;
			productType = "com.apple.product-type.application";
		};
/* End PBXNativeTarget section */

/* Begin PBXProject section */
		E3F97E2625EE640300AB01BF /* Project object */ = {
			isa = PBXProject;
			attributes = {
				LastSwiftUpdateCheck = 1240;
				LastUpgradeCheck = 1240;
				TargetAttributes = {
					E3F97E2D25EE640300AB01BF = {
						CreatedOnToolsVersion = 12.4;
					};
				};
			};
			buildConfigurationList = E3F97E2925EE640300AB01BF /* Build configuration list for PBXProject "StopWatch" */;
			compatibilityVersion = "Xcode 9.3";
			developmentRegion = en;
			hasScannedForEncodings = 0;
			knownRegions = (
				en,
				Base,
			);
			mainGroup = E3F97E2525EE640300AB01BF;
			productRefGroup = E3F97E2F25EE640300AB01BF /* Products */;
			projectDirPath = "";
			projectRoot = "";
			targets = (
				E3F97E2D25EE640300AB01BF /* StopWatch */,
			);
		};
/* End PBXProject section */

/* Begin PBXResourcesBuildPhase section */
		E3F97E2C25EE640300AB01BF /* Resources */ = {
			isa = PBXResourcesBuildPhase;
			buildActionMask = 2147483647;
			files = (
				E3F97E4125EE640300AB01BF /* LaunchScreen.storyboard in Resources */,
				E3F97E3E25EE640300AB01BF /* Assets.xcassets in Resources */,
				E3F97E3925EE640300AB01BF /* Main.storyboard in Resources */,
			);
			runOnlyForDeploymentPostprocessing = 0;
		};
/* End PBXResourcesBuildPhase section */

/* Begin PBXSourcesBuildPhase section */
		E3F97E2A25EE640300AB01BF /* Sources */ = {
			isa = PBXSourcesBuildPhase;
			buildActionMask = 2147483647;
			files = (
				E3F97E3625EE640300AB01BF /* ViewController.swift in Sources */,
				E32CB67025FDEB5B007B964B /* WorldTimeTableViewCell.swift in Sources */,
				E32CB67725FDF236007B964B /* AddWorldTimeViewController.swift in Sources */,
				E32CB67A25FDF30A007B964B /* AddWorldTimeTableViewCell.swift in Sources */,
				E3F97E6425EF795D00AB01BF /* LapTableViewCell.swift in Sources */,
				E32CB66D25FDD248007B964B /* WorldTimeViewController.swift in Sources */,
				E3F97E3225EE640300AB01BF /* AppDelegate.swift in Sources */,
				E3F97E4C25EF702800AB01BF /* Stopwatch.swift in Sources */,
				E3F97E3425EE640300AB01BF /* SceneDelegate.swift in Sources */,
				E3F97E3C25EE640300AB01BF /* StopWatch.xcdatamodeld in Sources */,
			);
			runOnlyForDeploymentPostprocessing = 0;
		};
/* End PBXSourcesBuildPhase section */

/* Begin PBXVariantGroup section */
		E3F97E3725EE640300AB01BF /* Main.storyboard */ = {
			isa = PBXVariantGroup;
			children = (
				E3F97E3825EE640300AB01BF /* Base */,
			);
			name = Main.storyboard;
			sourceTree = "<group>";
		};
		E3F97E3F25EE640300AB01BF /* LaunchScreen.storyboard */ = {
			isa = PBXVariantGroup;
			children = (
				E3F97E4025EE640300AB01BF /* Base */,
			);
			name = LaunchScreen.storyboard;
			sourceTree = "<group>";
		};
/* End PBXVariantGroup section */

/* Begin XCBuildConfiguration section */
		E3F97E4325EE640300AB01BF /* Debug */ = {
			isa = XCBuildConfiguration;
			buildSettings = {
				ALWAYS_SEARCH_USER_PATHS = NO;
				CLANG_ANALYZER_NONNULL = YES;
				CLANG_ANALYZER_NUMBER_OBJECT_CONVERSION = YES_AGGRESSIVE;
				CLANG_CXX_LANGUAGE_STANDARD = "gnu++14";
				CLANG_CXX_LIBRARY = "libc++";
				CLANG_ENABLE_MODULES = YES;
				CLANG_ENABLE_OBJC_ARC = YES;
				CLANG_ENABLE_OBJC_WEAK = YES;
				CLANG_WARN_BLOCK_CAPTURE_AUTORELEASING = YES;
				CLANG_WARN_BOOL_CONVERSION = YES;
				CLANG_WARN_COMMA = YES;
				CLANG_WARN_CONSTANT_CONVERSION = YES;
				CLANG_WARN_DEPRECATED_OBJC_IMPLEMENTATIONS = YES;
				CLANG_WARN_DIRECT_OBJC_ISA_USAGE = YES_ERROR;
				CLANG_WARN_DOCUMENTATION_COMMENTS = YES;
				CLANG_WARN_EMPTY_BODY = YES;
				CLANG_WARN_ENUM_CONVERSION = YES;
				CLANG_WARN_INFINITE_RECURSION = YES;
				CLANG_WARN_INT_CONVERSION = YES;
				CLANG_WARN_NON_LITERAL_NULL_CONVERSION = YES;
				CLANG_WARN_OBJC_IMPLICIT_RETAIN_SELF = YES;
				CLANG_WARN_OBJC_LITERAL_CONVERSION = YES;
				CLANG_WARN_OBJC_ROOT_CLASS = YES_ERROR;
				CLANG_WARN_QUOTED_INCLUDE_IN_FRAMEWORK_HEADER = YES;
				CLANG_WARN_RANGE_LOOP_ANALYSIS = YES;
				CLANG_WARN_STRICT_PROTOTYPES = YES;
				CLANG_WARN_SUSPICIOUS_MOVE = YES;
				CLANG_WARN_UNGUARDED_AVAILABILITY = YES_AGGRESSIVE;
				CLANG_WARN_UNREACHABLE_CODE = YES;
				CLANG_WARN__DUPLICATE_METHOD_MATCH = YES;
				COPY_PHASE_STRIP = NO;
				DEBUG_INFORMATION_FORMAT = dwarf;
				ENABLE_STRICT_OBJC_MSGSEND = YES;
				ENABLE_TESTABILITY = YES;
				GCC_C_LANGUAGE_STANDARD = gnu11;
				GCC_DYNAMIC_NO_PIC = NO;
				GCC_NO_COMMON_BLOCKS = YES;
				GCC_OPTIMIZATION_LEVEL = 0;
				GCC_PREPROCESSOR_DEFINITIONS = (
					"DEBUG=1",
					"$(inherited)",
				);
				GCC_WARN_64_TO_32_BIT_CONVERSION = YES;
				GCC_WARN_ABOUT_RETURN_TYPE = YES_ERROR;
				GCC_WARN_UNDECLARED_SELECTOR = YES;
				GCC_WARN_UNINITIALIZED_AUTOS = YES_AGGRESSIVE;
				GCC_WARN_UNUSED_FUNCTION = YES;
				GCC_WARN_UNUSED_VARIABLE = YES;
				IPHONEOS_DEPLOYMENT_TARGET = 14.4;
				MTL_ENABLE_DEBUG_INFO = INCLUDE_SOURCE;
				MTL_FAST_MATH = YES;
				ONLY_ACTIVE_ARCH = YES;
				SDKROOT = iphoneos;
				SWIFT_ACTIVE_COMPILATION_CONDITIONS = DEBUG;
				SWIFT_OPTIMIZATION_LEVEL = "-Onone";
			};
			name = Debug;
		};
		E3F97E4425EE640300AB01BF /* Release */ = {
			isa = XCBuildConfiguration;
			buildSettings = {
				ALWAYS_SEARCH_USER_PATHS = NO;
				CLANG_ANALYZER_NONNULL = YES;
				CLANG_ANALYZER_NUMBER_OBJECT_CONVERSION = YES_AGGRESSIVE;
				CLANG_CXX_LANGUAGE_STANDARD = "gnu++14";
				CLANG_CXX_LIBRARY = "libc++";
				CLANG_ENABLE_MODULES = YES;
				CLANG_ENABLE_OBJC_ARC = YES;
				CLANG_ENABLE_OBJC_WEAK = YES;
				CLANG_WARN_BLOCK_CAPTURE_AUTORELEASING = YES;
				CLANG_WARN_BOOL_CONVERSION = YES;
				CLANG_WARN_COMMA = YES;
				CLANG_WARN_CONSTANT_CONVERSION = YES;
				CLANG_WARN_DEPRECATED_OBJC_IMPLEMENTATIONS = YES;
				CLANG_WARN_DIRECT_OBJC_ISA_USAGE = YES_ERROR;
				CLANG_WARN_DOCUMENTATION_COMMENTS = YES;
				CLANG_WARN_EMPTY_BODY = YES;
				CLANG_WARN_ENUM_CONVERSION = YES;
				CLANG_WARN_INFINITE_RECURSION = YES;
				CLANG_WARN_INT_CONVERSION = YES;
				CLANG_WARN_NON_LITERAL_NULL_CONVERSION = YES;
				CLANG_WARN_OBJC_IMPLICIT_RETAIN_SELF = YES;
				CLANG_WARN_OBJC_LITERAL_CONVERSION = YES;
				CLANG_WARN_OBJC_ROOT_CLASS = YES_ERROR;
				CLANG_WARN_QUOTED_INCLUDE_IN_FRAMEWORK_HEADER = YES;
				CLANG_WARN_RANGE_LOOP_ANALYSIS = YES;
				CLANG_WARN_STRICT_PROTOTYPES = YES;
				CLANG_WARN_SUSPICIOUS_MOVE = YES;
				CLANG_WARN_UNGUARDED_AVAILABILITY = YES_AGGRESSIVE;
				CLANG_WARN_UNREACHABLE_CODE = YES;
				CLANG_WARN__DUPLICATE_METHOD_MATCH = YES;
				COPY_PHASE_STRIP = NO;
				DEBUG_INFORMATION_FORMAT = "dwarf-with-dsym";
				ENABLE_NS_ASSERTIONS = NO;
				ENABLE_STRICT_OBJC_MSGSEND = YES;
				GCC_C_LANGUAGE_STANDARD = gnu11;
				GCC_NO_COMMON_BLOCKS = YES;
				GCC_WARN_64_TO_32_BIT_CONVERSION = YES;
				GCC_WARN_ABOUT_RETURN_TYPE = YES_ERROR;
				GCC_WARN_UNDECLARED_SELECTOR = YES;
				GCC_WARN_UNINITIALIZED_AUTOS = YES_AGGRESSIVE;
				GCC_WARN_UNUSED_FUNCTION = YES;
				GCC_WARN_UNUSED_VARIABLE = YES;
				IPHONEOS_DEPLOYMENT_TARGET = 14.4;
				MTL_ENABLE_DEBUG_INFO = NO;
				MTL_FAST_MATH = YES;
				SDKROOT = iphoneos;
				SWIFT_COMPILATION_MODE = wholemodule;
				SWIFT_OPTIMIZATION_LEVEL = "-O";
				VALIDATE_PRODUCT = YES;
			};
			name = Release;
		};
		E3F97E4625EE640300AB01BF /* Debug */ = {
			isa = XCBuildConfiguration;
			buildSettings = {
				ASSETCATALOG_COMPILER_APPICON_NAME = AppIcon;
				ASSETCATALOG_COMPILER_GLOBAL_ACCENT_COLOR_NAME = AccentColor;
				CODE_SIGN_STYLE = Automatic;
				INFOPLIST_FILE = StopWatch/Info.plist;
				LD_RUNPATH_SEARCH_PATHS = (
					"$(inherited)",
					"@executable_path/Frameworks",
				);
				PRODUCT_BUNDLE_IDENTIFIER = extramilejjin.StopWatch;
				PRODUCT_NAME = "$(TARGET_NAME)";
				SWIFT_VERSION = 5.0;
				TARGETED_DEVICE_FAMILY = "1,2";
			};
			name = Debug;
		};
		E3F97E4725EE640300AB01BF /* Release */ = {
			isa = XCBuildConfiguration;
			buildSettings = {
				ASSETCATALOG_COMPILER_APPICON_NAME = AppIcon;
				ASSETCATALOG_COMPILER_GLOBAL_ACCENT_COLOR_NAME = AccentColor;
				CODE_SIGN_STYLE = Automatic;
				INFOPLIST_FILE = StopWatch/Info.plist;
				LD_RUNPATH_SEARCH_PATHS = (
					"$(inherited)",
					"@executable_path/Frameworks",
				);
				PRODUCT_BUNDLE_IDENTIFIER = extramilejjin.StopWatch;
				PRODUCT_NAME = "$(TARGET_NAME)";
				SWIFT_VERSION = 5.0;
				TARGETED_DEVICE_FAMILY = "1,2";
			};
			name = Release;
		};
/* End XCBuildConfiguration section */

/* Begin XCConfigurationList section */
		E3F97E2925EE640300AB01BF /* Build configuration list for PBXProject "StopWatch" */ = {
			isa = XCConfigurationList;
			buildConfigurations = (
				E3F97E4325EE640300AB01BF /* Debug */,
				E3F97E4425EE640300AB01BF /* Release */,
			);
			defaultConfigurationIsVisible = 0;
			defaultConfigurationName = Release;
		};
		E3F97E4525EE640300AB01BF /* Build configuration list for PBXNativeTarget "StopWatch" */ = {
			isa = XCConfigurationList;
			buildConfigurations = (
				E3F97E4625EE640300AB01BF /* Debug */,
				E3F97E4725EE640300AB01BF /* Release */,
			);
			defaultConfigurationIsVisible = 0;
			defaultConfigurationName = Release;
		};
/* End XCConfigurationList section */

/* Begin XCVersionGroup section */
		E3F97E3A25EE640300AB01BF /* StopWatch.xcdatamodeld */ = {
			isa = XCVersionGroup;
			children = (
				E3F97E3B25EE640300AB01BF /* StopWatch.xcdatamodel */,
			);
			currentVersion = E3F97E3B25EE640300AB01BF /* StopWatch.xcdatamodel */;
			path = StopWatch.xcdatamodeld;
			sourceTree = "<group>";
			versionGroupType = wrapper.xcdatamodel;
		};
/* End XCVersionGroup section */
	};
	rootObject = E3F97E2625EE640300AB01BF /* Project object */;
}
