// !$*UTF8*$!
{
	archiveVersion = 1;
	classes = {
	};
	objectVersion = 51;
	objects = {

/* Begin PBXBuildFile section */
		11A5670A0E89B2E43E066C16 /* Pods_SnapKit_Tutorial.framework in Frameworks */ = {isa = PBXBuildFile; fileRef = E3EB3C8F6918E61FDCF15EDB /* Pods_SnapKit_Tutorial.framework */; };
		E314730C260478C800C8128A /* AppDelegate.swift in Sources */ = {isa = PBXBuildFile; fileRef = E314730B260478C800C8128A /* AppDelegate.swift */; };
		E314730E260478C800C8128A /* SceneDelegate.swift in Sources */ = {isa = PBXBuildFile; fileRef = E314730D260478C800C8128A /* SceneDelegate.swift */; };
		E3147310260478C800C8128A /* ViewController.swift in Sources */ = {isa = PBXBuildFile; fileRef = E314730F260478C800C8128A /* ViewController.swift */; };
		E3147313260478C800C8128A /* Main.storyboard in Resources */ = {isa = PBXBuildFile; fileRef = E3147311260478C800C8128A /* Main.storyboard */; };
		E3147316260478C800C8128A /* SnapKit_Tutorial.xcdatamodeld in Sources */ = {isa = PBXBuildFile; fileRef = E3147314260478C800C8128A /* SnapKit_Tutorial.xcdatamodeld */; };
		E3147318260478C900C8128A /* Assets.xcassets in Resources */ = {isa = PBXBuildFile; fileRef = E3147317260478C900C8128A /* Assets.xcassets */; };
		E314731B260478C900C8128A /* LaunchScreen.storyboard in Resources */ = {isa = PBXBuildFile; fileRef = E3147319260478C900C8128A /* LaunchScreen.storyboard */; };
		E314732F2604885D00C8128A /* .swiftlint.yml in Resources */ = {isa = PBXBuildFile; fileRef = E314732E2604885D00C8128A /* .swiftlint.yml */; };
/* End PBXBuildFile section */

/* Begin PBXFileReference section */
		3466FD4E541CF12C8B463885 /* Pods-SnapKit_Tutorial.release.xcconfig */ = {isa = PBXFileReference; includeInIndex = 1; lastKnownFileType = text.xcconfig; name = "Pods-SnapKit_Tutorial.release.xcconfig"; path = "Target Support Files/Pods-SnapKit_Tutorial/Pods-SnapKit_Tutorial.release.xcconfig"; sourceTree = "<group>"; };
		A59A400103932F9654B5DCF7 /* Pods-SnapKit_Tutorial.debug.xcconfig */ = {isa = PBXFileReference; includeInIndex = 1; lastKnownFileType = text.xcconfig; name = "Pods-SnapKit_Tutorial.debug.xcconfig"; path = "Target Support Files/Pods-SnapKit_Tutorial/Pods-SnapKit_Tutorial.debug.xcconfig"; sourceTree = "<group>"; };
		E3147308260478C800C8128A /* SnapKit_Tutorial.app */ = {isa = PBXFileReference; explicitFileType = wrapper.application; includeInIndex = 0; path = SnapKit_Tutorial.app; sourceTree = BUILT_PRODUCTS_DIR; };
		E314730B260478C800C8128A /* AppDelegate.swift */ = {isa = PBXFileReference; lastKnownFileType = sourcecode.swift; path = AppDelegate.swift; sourceTree = "<group>"; };
		E314730D260478C800C8128A /* SceneDelegate.swift */ = {isa = PBXFileReference; lastKnownFileType = sourcecode.swift; path = SceneDelegate.swift; sourceTree = "<group>"; };
		E314730F260478C800C8128A /* ViewController.swift */ = {isa = PBXFileReference; lastKnownFileType = sourcecode.swift; path = ViewController.swift; sourceTree = "<group>"; };
		E3147312260478C800C8128A /* Base */ = {isa = PBXFileReference; lastKnownFileType = file.storyboard; name = Base; path = Base.lproj/Main.storyboard; sourceTree = "<group>"; };
		E3147315260478C800C8128A /* SnapKit_Tutorial.xcdatamodel */ = {isa = PBXFileReference; lastKnownFileType = wrapper.xcdatamodel; path = SnapKit_Tutorial.xcdatamodel; sourceTree = "<group>"; };
		E3147317260478C900C8128A /* Assets.xcassets */ = {isa = PBXFileReference; lastKnownFileType = folder.assetcatalog; path = Assets.xcassets; sourceTree = "<group>"; };
		E314731A260478C900C8128A /* Base */ = {isa = PBXFileReference; lastKnownFileType = file.storyboard; name = Base; path = Base.lproj/LaunchScreen.storyboard; sourceTree = "<group>"; };
		E314731C260478C900C8128A /* Info.plist */ = {isa = PBXFileReference; lastKnownFileType = text.plist.xml; path = Info.plist; sourceTree = "<group>"; };
		E314732E2604885D00C8128A /* .swiftlint.yml */ = {isa = PBXFileReference; lastKnownFileType = text.yaml; path = .swiftlint.yml; sourceTree = "<group>"; };
		E3EB3C8F6918E61FDCF15EDB /* Pods_SnapKit_Tutorial.framework */ = {isa = PBXFileReference; explicitFileType = wrapper.framework; includeInIndex = 0; path = Pods_SnapKit_Tutorial.framework; sourceTree = BUILT_PRODUCTS_DIR; };
/* End PBXFileReference section */

/* Begin PBXFrameworksBuildPhase section */
		E3147305260478C800C8128A /* Frameworks */ = {
			isa = PBXFrameworksBuildPhase;
			buildActionMask = 2147483647;
			files = (
				11A5670A0E89B2E43E066C16 /* Pods_SnapKit_Tutorial.framework in Frameworks */,
			);
			runOnlyForDeploymentPostprocessing = 0;
		};
/* End PBXFrameworksBuildPhase section */

/* Begin PBXGroup section */
		BA7AB6E5A3A8EC45A1AA46AE /* Frameworks */ = {
			isa = PBXGroup;
			children = (
				E3EB3C8F6918E61FDCF15EDB /* Pods_SnapKit_Tutorial.framework */,
			);
			name = Frameworks;
			sourceTree = "<group>";
		};
		E31472FF260478C800C8128A = {
			isa = PBXGroup;
			children = (
				E314732E2604885D00C8128A /* .swiftlint.yml */,
				E314730A260478C800C8128A /* SnapKit_Tutorial */,
				E3147309260478C800C8128A /* Products */,
				FB72C1FE4B7F155FF101D1E0 /* Pods */,
				BA7AB6E5A3A8EC45A1AA46AE /* Frameworks */,
			);
			sourceTree = "<group>";
		};
		E3147309260478C800C8128A /* Products */ = {
			isa = PBXGroup;
			children = (
				E3147308260478C800C8128A /* SnapKit_Tutorial.app */,
			);
			name = Products;
			sourceTree = "<group>";
		};
		E314730A260478C800C8128A /* SnapKit_Tutorial */ = {
			isa = PBXGroup;
			children = (
				E3147323260478D400C8128A /* Supporting Files */,
				E314730F260478C800C8128A /* ViewController.swift */,
				E3147311260478C800C8128A /* Main.storyboard */,
			);
			path = SnapKit_Tutorial;
			sourceTree = "<group>";
		};
		E3147323260478D400C8128A /* Supporting Files */ = {
			isa = PBXGroup;
			children = (
				E314730B260478C800C8128A /* AppDelegate.swift */,
				E314730D260478C800C8128A /* SceneDelegate.swift */,
				E3147317260478C900C8128A /* Assets.xcassets */,
				E3147319260478C900C8128A /* LaunchScreen.storyboard */,
				E314731C260478C900C8128A /* Info.plist */,
				E3147314260478C800C8128A /* SnapKit_Tutorial.xcdatamodeld */,
			);
			name = "Supporting Files";
			sourceTree = "<group>";
		};
		FB72C1FE4B7F155FF101D1E0 /* Pods */ = {
			isa = PBXGroup;
			children = (
				A59A400103932F9654B5DCF7 /* Pods-SnapKit_Tutorial.debug.xcconfig */,
				3466FD4E541CF12C8B463885 /* Pods-SnapKit_Tutorial.release.xcconfig */,
			);
			path = Pods;
			sourceTree = "<group>";
		};
/* End PBXGroup section */

/* Begin PBXNativeTarget section */
		E3147307260478C800C8128A /* SnapKit_Tutorial */ = {
			isa = PBXNativeTarget;
			buildConfigurationList = E314731F260478C900C8128A /* Build configuration list for PBXNativeTarget "SnapKit_Tutorial" */;
			buildPhases = (
				3CE5F6CD4243FB058ACC4A60 /* [CP] Check Pods Manifest.lock */,
				E3147304260478C800C8128A /* Sources */,
				E3147305260478C800C8128A /* Frameworks */,
				E3147306260478C800C8128A /* Resources */,
				64C6250A761466574EA9941D /* [CP] Embed Pods Frameworks */,
				E314732C2604867000C8128A /* ShellScript */,
			);
			buildRules = (
			);
			dependencies = (
			);
			name = SnapKit_Tutorial;
			productName = SnapKit_Tutorial;
			productReference = E3147308260478C800C8128A /* SnapKit_Tutorial.app */;
			productType = "com.apple.product-type.application";
		};
/* End PBXNativeTarget section */

/* Begin PBXProject section */
		E3147300260478C800C8128A /* Project object */ = {
			isa = PBXProject;
			attributes = {
				LastSwiftUpdateCheck = 1240;
				LastUpgradeCheck = 1240;
				TargetAttributes = {
					E3147307260478C800C8128A = {
						CreatedOnToolsVersion = 12.4;
					};
				};
			};
			buildConfigurationList = E3147303260478C800C8128A /* Build configuration list for PBXProject "SnapKit_Tutorial" */;
			compatibilityVersion = "Xcode 9.3";
			developmentRegion = en;
			hasScannedForEncodings = 0;
			knownRegions = (
				en,
				Base,
			);
			mainGroup = E31472FF260478C800C8128A;
			productRefGroup = E3147309260478C800C8128A /* Products */;
			projectDirPath = "";
			projectRoot = "";
			targets = (
				E3147307260478C800C8128A /* SnapKit_Tutorial */,
			);
		};
/* End PBXProject section */

/* Begin PBXResourcesBuildPhase section */
		E3147306260478C800C8128A /* Resources */ = {
			isa = PBXResourcesBuildPhase;
			buildActionMask = 2147483647;
			files = (
				E314732F2604885D00C8128A /* .swiftlint.yml in Resources */,
				E314731B260478C900C8128A /* LaunchScreen.storyboard in Resources */,
				E3147318260478C900C8128A /* Assets.xcassets in Resources */,
				E3147313260478C800C8128A /* Main.storyboard in Resources */,
			);
			runOnlyForDeploymentPostprocessing = 0;
		};
/* End PBXResourcesBuildPhase section */

/* Begin PBXShellScriptBuildPhase section */
		3CE5F6CD4243FB058ACC4A60 /* [CP] Check Pods Manifest.lock */ = {
			isa = PBXShellScriptBuildPhase;
			buildActionMask = 2147483647;
			files = (
			);
			inputFileListPaths = (
			);
			inputPaths = (
				"${PODS_PODFILE_DIR_PATH}/Podfile.lock",
				"${PODS_ROOT}/Manifest.lock",
			);
			name = "[CP] Check Pods Manifest.lock";
			outputFileListPaths = (
			);
			outputPaths = (
				"$(DERIVED_FILE_DIR)/Pods-SnapKit_Tutorial-checkManifestLockResult.txt",
			);
			runOnlyForDeploymentPostprocessing = 0;
			shellPath = /bin/sh;
			shellScript = "diff \"${PODS_PODFILE_DIR_PATH}/Podfile.lock\" \"${PODS_ROOT}/Manifest.lock\" > /dev/null\nif [ $? != 0 ] ; then\n    # print error to STDERR\n    echo \"error: The sandbox is not in sync with the Podfile.lock. Run 'pod install' or update your CocoaPods installation.\" >&2\n    exit 1\nfi\n# This output is used by Xcode 'outputs' to avoid re-running this script phase.\necho \"SUCCESS\" > \"${SCRIPT_OUTPUT_FILE_0}\"\n";
			showEnvVarsInLog = 0;
		};
		64C6250A761466574EA9941D /* [CP] Embed Pods Frameworks */ = {
			isa = PBXShellScriptBuildPhase;
			buildActionMask = 2147483647;
			files = (
			);
			inputFileListPaths = (
				"${PODS_ROOT}/Target Support Files/Pods-SnapKit_Tutorial/Pods-SnapKit_Tutorial-frameworks-${CONFIGURATION}-input-files.xcfilelist",
			);
			name = "[CP] Embed Pods Frameworks";
			outputFileListPaths = (
				"${PODS_ROOT}/Target Support Files/Pods-SnapKit_Tutorial/Pods-SnapKit_Tutorial-frameworks-${CONFIGURATION}-output-files.xcfilelist",
			);
			runOnlyForDeploymentPostprocessing = 0;
			shellPath = /bin/sh;
			shellScript = "\"${PODS_ROOT}/Target Support Files/Pods-SnapKit_Tutorial/Pods-SnapKit_Tutorial-frameworks.sh\"\n";
			showEnvVarsInLog = 0;
		};
		E314732C2604867000C8128A /* ShellScript */ = {
			isa = PBXShellScriptBuildPhase;
			buildActionMask = 2147483647;
			files = (
			);
			inputFileListPaths = (
			);
			inputPaths = (
			);
			outputFileListPaths = (
			);
			outputPaths = (
			);
			runOnlyForDeploymentPostprocessing = 0;
			shellPath = /bin/sh;
			shellScript = "${PODS_ROOT}/SwiftLint/swiftlint\n";
		};
/* End PBXShellScriptBuildPhase section */

/* Begin PBXSourcesBuildPhase section */
		E3147304260478C800C8128A /* Sources */ = {
			isa = PBXSourcesBuildPhase;
			buildActionMask = 2147483647;
			files = (
				E3147310260478C800C8128A /* ViewController.swift in Sources */,
				E314730C260478C800C8128A /* AppDelegate.swift in Sources */,
				E3147316260478C800C8128A /* SnapKit_Tutorial.xcdatamodeld in Sources */,
				E314730E260478C800C8128A /* SceneDelegate.swift in Sources */,
			);
			runOnlyForDeploymentPostprocessing = 0;
		};
/* End PBXSourcesBuildPhase section */

/* Begin PBXVariantGroup section */
		E3147311260478C800C8128A /* Main.storyboard */ = {
			isa = PBXVariantGroup;
			children = (
				E3147312260478C800C8128A /* Base */,
			);
			name = Main.storyboard;
			sourceTree = "<group>";
		};
		E3147319260478C900C8128A /* LaunchScreen.storyboard */ = {
			isa = PBXVariantGroup;
			children = (
				E314731A260478C900C8128A /* Base */,
			);
			name = LaunchScreen.storyboard;
			sourceTree = "<group>";
		};
/* End PBXVariantGroup section */

/* Begin XCBuildConfiguration section */
		E314731D260478C900C8128A /* Debug */ = {
			isa = XCBuildConfiguration;
			buildSettings = {
				ALWAYS_SEARCH_USER_PATHS = NO;
				CLANG_ANALYZER_NONNULL = YES;
				CLANG_ANALYZER_NUMBER_OBJECT_CONVERSION = YES_AGGRESSIVE;
				CLANG_CXX_LANGUAGE_STANDARD = "gnu++14";
				CLANG_CXX_LIBRARY = "libc++";
				CLANG_ENABLE_MODULES = YES;
				CLANG_ENABLE_OBJC_ARC = YES;
				CLANG_ENABLE_OBJC_WEAK = YES;
				CLANG_WARN_BLOCK_CAPTURE_AUTORELEASING = YES;
				CLANG_WARN_BOOL_CONVERSION = YES;
				CLANG_WARN_COMMA = YES;
				CLANG_WARN_CONSTANT_CONVERSION = YES;
				CLANG_WARN_DEPRECATED_OBJC_IMPLEMENTATIONS = YES;
				CLANG_WARN_DIRECT_OBJC_ISA_USAGE = YES_ERROR;
				CLANG_WARN_DOCUMENTATION_COMMENTS = YES;
				CLANG_WARN_EMPTY_BODY = YES;
				CLANG_WARN_ENUM_CONVERSION = YES;
				CLANG_WARN_INFINITE_RECURSION = YES;
				CLANG_WARN_INT_CONVERSION = YES;
				CLANG_WARN_NON_LITERAL_NULL_CONVERSION = YES;
				CLANG_WARN_OBJC_IMPLICIT_RETAIN_SELF = YES;
				CLANG_WARN_OBJC_LITERAL_CONVERSION = YES;
				CLANG_WARN_OBJC_ROOT_CLASS = YES_ERROR;
				CLANG_WARN_QUOTED_INCLUDE_IN_FRAMEWORK_HEADER = YES;
				CLANG_WARN_RANGE_LOOP_ANALYSIS = YES;
				CLANG_WARN_STRICT_PROTOTYPES = YES;
				CLANG_WARN_SUSPICIOUS_MOVE = YES;
				CLANG_WARN_UNGUARDED_AVAILABILITY = YES_AGGRESSIVE;
				CLANG_WARN_UNREACHABLE_CODE = YES;
				CLANG_WARN__DUPLICATE_METHOD_MATCH = YES;
				COPY_PHASE_STRIP = NO;
				DEBUG_INFORMATION_FORMAT = dwarf;
				ENABLE_STRICT_OBJC_MSGSEND = YES;
				ENABLE_TESTABILITY = YES;
				GCC_C_LANGUAGE_STANDARD = gnu11;
				GCC_DYNAMIC_NO_PIC = NO;
				GCC_NO_COMMON_BLOCKS = YES;
				GCC_OPTIMIZATION_LEVEL = 0;
				GCC_PREPROCESSOR_DEFINITIONS = (
					"DEBUG=1",
					"$(inherited)",
				);
				GCC_WARN_64_TO_32_BIT_CONVERSION = YES;
				GCC_WARN_ABOUT_RETURN_TYPE = YES_ERROR;
				GCC_WARN_UNDECLARED_SELECTOR = YES;
				GCC_WARN_UNINITIALIZED_AUTOS = YES_AGGRESSIVE;
				GCC_WARN_UNUSED_FUNCTION = YES;
				GCC_WARN_UNUSED_VARIABLE = YES;
				IPHONEOS_DEPLOYMENT_TARGET = 14.4;
				MTL_ENABLE_DEBUG_INFO = INCLUDE_SOURCE;
				MTL_FAST_MATH = YES;
				ONLY_ACTIVE_ARCH = YES;
				SDKROOT = iphoneos;
				SWIFT_ACTIVE_COMPILATION_CONDITIONS = DEBUG;
				SWIFT_OPTIMIZATION_LEVEL = "-Onone";
			};
			name = Debug;
		};
		E314731E260478C900C8128A /* Release */ = {
			isa = XCBuildConfiguration;
			buildSettings = {
				ALWAYS_SEARCH_USER_PATHS = NO;
				CLANG_ANALYZER_NONNULL = YES;
				CLANG_ANALYZER_NUMBER_OBJECT_CONVERSION = YES_AGGRESSIVE;
				CLANG_CXX_LANGUAGE_STANDARD = "gnu++14";
				CLANG_CXX_LIBRARY = "libc++";
				CLANG_ENABLE_MODULES = YES;
				CLANG_ENABLE_OBJC_ARC = YES;
				CLANG_ENABLE_OBJC_WEAK = YES;
				CLANG_WARN_BLOCK_CAPTURE_AUTORELEASING = YES;
				CLANG_WARN_BOOL_CONVERSION = YES;
				CLANG_WARN_COMMA = YES;
				CLANG_WARN_CONSTANT_CONVERSION = YES;
				CLANG_WARN_DEPRECATED_OBJC_IMPLEMENTATIONS = YES;
				CLANG_WARN_DIRECT_OBJC_ISA_USAGE = YES_ERROR;
				CLANG_WARN_DOCUMENTATION_COMMENTS = YES;
				CLANG_WARN_EMPTY_BODY = YES;
				CLANG_WARN_ENUM_CONVERSION = YES;
				CLANG_WARN_INFINITE_RECURSION = YES;
				CLANG_WARN_INT_CONVERSION = YES;
				CLANG_WARN_NON_LITERAL_NULL_CONVERSION = YES;
				CLANG_WARN_OBJC_IMPLICIT_RETAIN_SELF = YES;
				CLANG_WARN_OBJC_LITERAL_CONVERSION = YES;
				CLANG_WARN_OBJC_ROOT_CLASS = YES_ERROR;
				CLANG_WARN_QUOTED_INCLUDE_IN_FRAMEWORK_HEADER = YES;
				CLANG_WARN_RANGE_LOOP_ANALYSIS = YES;
				CLANG_WARN_STRICT_PROTOTYPES = YES;
				CLANG_WARN_SUSPICIOUS_MOVE = YES;
				CLANG_WARN_UNGUARDED_AVAILABILITY = YES_AGGRESSIVE;
				CLANG_WARN_UNREACHABLE_CODE = YES;
				CLANG_WARN__DUPLICATE_METHOD_MATCH = YES;
				COPY_PHASE_STRIP = NO;
				DEBUG_INFORMATION_FORMAT = "dwarf-with-dsym";
				ENABLE_NS_ASSERTIONS = NO;
				ENABLE_STRICT_OBJC_MSGSEND = YES;
				GCC_C_LANGUAGE_STANDARD = gnu11;
				GCC_NO_COMMON_BLOCKS = YES;
				GCC_WARN_64_TO_32_BIT_CONVERSION = YES;
				GCC_WARN_ABOUT_RETURN_TYPE = YES_ERROR;
				GCC_WARN_UNDECLARED_SELECTOR = YES;
				GCC_WARN_UNINITIALIZED_AUTOS = YES_AGGRESSIVE;
				GCC_WARN_UNUSED_FUNCTION = YES;
				GCC_WARN_UNUSED_VARIABLE = YES;
				IPHONEOS_DEPLOYMENT_TARGET = 14.4;
				MTL_ENABLE_DEBUG_INFO = NO;
				MTL_FAST_MATH = YES;
				SDKROOT = iphoneos;
				SWIFT_COMPILATION_MODE = wholemodule;
				SWIFT_OPTIMIZATION_LEVEL = "-O";
				VALIDATE_PRODUCT = YES;
			};
			name = Release;
		};
		E3147320260478C900C8128A /* Debug */ = {
			isa = XCBuildConfiguration;
			baseConfigurationReference = A59A400103932F9654B5DCF7 /* Pods-SnapKit_Tutorial.debug.xcconfig */;
			buildSettings = {
				ASSETCATALOG_COMPILER_APPICON_NAME = AppIcon;
				ASSETCATALOG_COMPILER_GLOBAL_ACCENT_COLOR_NAME = AccentColor;
				CODE_SIGN_STYLE = Automatic;
				DEVELOPMENT_TEAM = PB7A2WDJJP;
				INFOPLIST_FILE = SnapKit_Tutorial/Info.plist;
				LD_RUNPATH_SEARCH_PATHS = (
					"$(inherited)",
					"@executable_path/Frameworks",
				);
				PRODUCT_BUNDLE_IDENTIFIER = "extramilejjin.SnapKit-Tutorial";
				PRODUCT_NAME = "$(TARGET_NAME)";
				SWIFT_VERSION = 5.0;
				TARGETED_DEVICE_FAMILY = "1,2";
			};
			name = Debug;
		};
		E3147321260478C900C8128A /* Release */ = {
			isa = XCBuildConfiguration;
			baseConfigurationReference = 3466FD4E541CF12C8B463885 /* Pods-SnapKit_Tutorial.release.xcconfig */;
			buildSettings = {
				ASSETCATALOG_COMPILER_APPICON_NAME = AppIcon;
				ASSETCATALOG_COMPILER_GLOBAL_ACCENT_COLOR_NAME = AccentColor;
				CODE_SIGN_STYLE = Automatic;
				DEVELOPMENT_TEAM = PB7A2WDJJP;
				INFOPLIST_FILE = SnapKit_Tutorial/Info.plist;
				LD_RUNPATH_SEARCH_PATHS = (
					"$(inherited)",
					"@executable_path/Frameworks",
				);
				PRODUCT_BUNDLE_IDENTIFIER = "extramilejjin.SnapKit-Tutorial";
				PRODUCT_NAME = "$(TARGET_NAME)";
				SWIFT_VERSION = 5.0;
				TARGETED_DEVICE_FAMILY = "1,2";
			};
			name = Release;
		};
/* End XCBuildConfiguration section */

/* Begin XCConfigurationList section */
		E3147303260478C800C8128A /* Build configuration list for PBXProject "SnapKit_Tutorial" */ = {
			isa = XCConfigurationList;
			buildConfigurations = (
				E314731D260478C900C8128A /* Debug */,
				E314731E260478C900C8128A /* Release */,
			);
			defaultConfigurationIsVisible = 0;
			defaultConfigurationName = Release;
		};
		E314731F260478C900C8128A /* Build configuration list for PBXNativeTarget "SnapKit_Tutorial" */ = {
			isa = XCConfigurationList;
			buildConfigurations = (
				E3147320260478C900C8128A /* Debug */,
				E3147321260478C900C8128A /* Release */,
			);
			defaultConfigurationIsVisible = 0;
			defaultConfigurationName = Release;
		};
/* End XCConfigurationList section */

/* Begin XCVersionGroup section */
		E3147314260478C800C8128A /* SnapKit_Tutorial.xcdatamodeld */ = {
			isa = XCVersionGroup;
			children = (
				E3147315260478C800C8128A /* SnapKit_Tutorial.xcdatamodel */,
			);
			currentVersion = E3147315260478C800C8128A /* SnapKit_Tutorial.xcdatamodel */;
			path = SnapKit_Tutorial.xcdatamodeld;
			sourceTree = "<group>";
			versionGroupType = wrapper.xcdatamodel;
		};
/* End XCVersionGroup section */
	};
	rootObject = E3147300260478C800C8128A /* Project object */;
}
